
Microsoft Visual Studio Solution File, Format Version 12.00
# Visual Studio Version 17
VisualStudioVersion = 17.3.32825.248
MinimumVisualStudioVersion = 10.0.40219.1
Project("{FAE04EC0-301F-11D3-BF4B-00C04F79EFBC}") = "GameJam", "GameJam.csproj", "{B03101A2-0B73-44CE-B7EB-638BE973A692}"
EndProject
Global
	GlobalSection(SolutionConfigurationPlatforms) = preSolution
		Debug|Any CPU = Debug|Any CPU
		Release|Any CPU = Release|Any CPU
	EndGlobalSection
	GlobalSection(ProjectConfigurationPlatforms) = postSolution
		{B03101A2-0B73-44CE-B7EB-638BE973A692}.Debug|Any CPU.ActiveCfg = Debug|Any CPU
		{B03101A2-0B73-44CE-B7EB-638BE973A692}.Debug|Any CPU.Build.0 = Debug|Any CPU
		{B03101A2-0B73-44CE-B7EB-638BE973A692}.Release|Any CPU.ActiveCfg = Release|Any CPU
		{B03101A2-0B73-44CE-B7EB-638BE973A692}.Release|Any CPU.Build.0 = Release|Any CPU
	EndGlobalSection
	GlobalSection(SolutionProperties) = preSolution
		HideSolutionNode = FALSE
	EndGlobalSection
	GlobalSection(ExtensibilityGlobals) = postSolution
		SolutionGuid = {0786C929-1F55-4E48-A73D-B8444907FF6D}
	EndGlobalSection
EndGlobal
